
Microsoft Visual Studio Solution File, Format Version 12.00
Project("{FAE04EC0-301F-11D3-BF4B-00C04F79EFBC}") = "ASP-Cookie-Auth", "ASP-Cookie-Auth.csproj", "{BB50796F-D3BA-4ABE-A22D-3778695E8150}"
EndProject
Global
	GlobalSection(SolutionConfigurationPlatforms) = preSolution
		Debug|Any CPU = Debug|Any CPU
		Release|Any CPU = Release|Any CPU
	EndGlobalSection
	GlobalSection(ProjectConfigurationPlatforms) = postSolution
		{BB50796F-D3BA-4ABE-A22D-3778695E8150}.Debug|Any CPU.ActiveCfg = Debug|Any CPU
		{BB50796F-D3BA-4ABE-A22D-3778695E8150}.Debug|Any CPU.Build.0 = Debug|Any CPU
		{BB50796F-D3BA-4ABE-A22D-3778695E8150}.Release|Any CPU.ActiveCfg = Release|Any CPU
		{BB50796F-D3BA-4ABE-A22D-3778695E8150}.Release|Any CPU.Build.0 = Release|Any CPU
	EndGlobalSection
EndGlobal
